// !$*UTF8*$!
{
	archiveVersion = 1;
	classes = {
	};
	objectVersion = 54;
	objects = {

/* Begin PBXBuildFile section */
		06535C7E07C1E5E809B43B84 /* ScaleCloudKit+Livephoto.swift in Sources */ = {isa = PBXBuildFile; fileRef = D224A8DDDDAF67BFBD961587 /* ScaleCloudKit+Livephoto.swift */; };
		0786375F3DE9581E4B610CB6 /* SCKFilePropertyResolver.swift in Sources */ = {isa = PBXBuildFile; fileRef = E91F8FB8B8DBF7D0C5C0F3AF /* SCKFilePropertyResolver.swift */; };
		11C6A20C1FAE81F826E5D954 /* ScaleCloudKit+Share.swift in Sources */ = {isa = PBXBuildFile; fileRef = 8B4CA29A3151A797C8207DE0 /* ScaleCloudKit+Share.swift */; };
		1587C5392A49A9605D51DDB2 /* ScaleCloudKit+TermsOfService.swift in Sources */ = {isa = PBXBuildFile; fileRef = 6D0531C85BCCC79D5FD7CA1E /* ScaleCloudKit+TermsOfService.swift */; };
		15CE0419914D8C3BEC384B8A /* ScaleCloudKit.swift in Sources */ = {isa = PBXBuildFile; fileRef = C686CBCFD27175031A945FCA /* ScaleCloudKit.swift */; };
		18034A042BE8B2A2F8CCB4DD /* SCKSession.swift in Sources */ = {isa = PBXBuildFile; fileRef = DEBF094BE7C69C1443AE2E49 /* SCKSession.swift */; };
		1C5FBE5D80B6F6B4ACC7A262 /* SCKDataFileXML.swift in Sources */ = {isa = PBXBuildFile; fileRef = 4E1C0B9C91A6D466ECC1ED11 /* SCKDataFileXML.swift */; };
		1E4A44DF7343891A2004E956 /* Data+Extension.swift in Sources */ = {isa = PBXBuildFile; fileRef = 028AEFFCB96DF552FCE70290 /* Data+Extension.swift */; };
		1E4ECC5FC569569864D5E336 /* SCKTag.swift in Sources */ = {isa = PBXBuildFile; fileRef = 8D36A899EACF29F9EF4C49F4 /* SCKTag.swift */; };
		20FBEFBF30E52B7D67B5852D /* ScaleCloudKit+NCText.swift in Sources */ = {isa = PBXBuildFile; fileRef = 6CEC9F2262352F9A65842347 /* ScaleCloudKit+NCText.swift */; };
		220A877C505E69DA08C2369F /* ScaleCloudKit+Login.swift in Sources */ = {isa = PBXBuildFile; fileRef = A75369B2645587291C23E393 /* ScaleCloudKit+Login.swift */; };
		2474C4411B1D43D148DED31D /* SCKDav.swift in Sources */ = {isa = PBXBuildFile; fileRef = 6EFE49A03ED2411C74B52046 /* SCKDav.swift */; };
		2648AF111219F283780C67D0 /* SCKRequestOptions.swift in Sources */ = {isa = PBXBuildFile; fileRef = 895762C854B1B77EE0069FB1 /* SCKRequestOptions.swift */; };
		2B30BB0967C146A67B00748D /* ScaleCloudKit+Richdocuments.swift in Sources */ = {isa = PBXBuildFile; fileRef = 58A49DB0FA19783483630C47 /* ScaleCloudKit+Richdocuments.swift */; };
		2C65E7FBE052F017660380BB /* SCKShareAccounts.swift in Sources */ = {isa = PBXBuildFile; fileRef = BEDEE0011ED43CC435ED398A /* SCKShareAccounts.swift */; };
		2C9931A97588283D1D6ABB79 /* ScaleCloudKit+Dashboard.swift in Sources */ = {isa = PBXBuildFile; fileRef = 08FA0D0EC64C39C0A6AD70BD /* ScaleCloudKit+Dashboard.swift */; };
		2DD38409B7514C4A07614E1E /* SCKCommon.swift in Sources */ = {isa = PBXBuildFile; fileRef = DB6642193FF22CC9E6915C42 /* SCKCommon.swift */; };
		2E7B4D683EDA739902902981 /* SCKDownloadLimit.swift in Sources */ = {isa = PBXBuildFile; fileRef = 328A60A3A2D0AE2F9F21F93C /* SCKDownloadLimit.swift */; };
		2F3EB5417F94F58FBF5C258F /* Date+Extension.swift in Sources */ = {isa = PBXBuildFile; fileRef = 31966D83D7F970E6F94834D1 /* Date+Extension.swift */; };
		321F0D8D853A72F769D1041C /* NSLock+Extension.swift in Sources */ = {isa = PBXBuildFile; fileRef = 7EA6C542531930F75C739320 /* NSLock+Extension.swift */; };
		335BB49C1B1EDF4DF189628C /* SCKShare.swift in Sources */ = {isa = PBXBuildFile; fileRef = E6FCB03EECE1DB5B953D9AC7 /* SCKShare.swift */; };
		39AEFE5C9DD9A8636182A6E8 /* TaskList.swift in Sources */ = {isa = PBXBuildFile; fileRef = D101E4293619E089B5622367 /* TaskList.swift */; };
		3E83C65028DC03856C2AFB21 /* SCKInterceptor.swift in Sources */ = {isa = PBXBuildFile; fileRef = 1BD5976D6AE0AC003B2DA100 /* SCKInterceptor.swift */; };
		40AD20FFEE2A1DD92E92F42F /* ScaleCloudKit+AssistantV2.swift in Sources */ = {isa = PBXBuildFile; fileRef = 4FF13711C90058F696820481 /* ScaleCloudKit+AssistantV2.swift */; };
		435BB46377EDDAF43F98558C /* SCKEditorDetailsResponse+NKConversion.swift in Sources */ = {isa = PBXBuildFile; fileRef = 81C4DF93B0C1B20CC3DB3C57 /* SCKEditorDetailsResponse+NKConversion.swift */; };
		47BDEA485B2F5F294AF7DF43 /* ScaleCloudGo.xcframework in Frameworks */ = {isa = PBXBuildFile; fileRef = 16728E1B1507523E35E41BAF /* ScaleCloudGo.xcframework */; };
		4CCCF28F82C678686050BDB1 /* ScaleCloudKit+Capabilities.swift in Sources */ = {isa = PBXBuildFile; fileRef = FAAC16097B8DF405F70453FE /* ScaleCloudKit+Capabilities.swift */; };
		4E02581A6046603A489FB828 /* SCKError.swift in Sources */ = {isa = PBXBuildFile; fileRef = 3B372C80ABB634C5327CE790 /* SCKError.swift */; };
		5759D3471C58A745B74AAF5E /* SCKComments.swift in Sources */ = {isa = PBXBuildFile; fileRef = BC6AE5988C2CD4D1A1916858 /* SCKComments.swift */; };
		5AADC02EF3E7285F1C766CD1 /* ScaleCloudKit+ShareDownloadLimit.swift in Sources */ = {isa = PBXBuildFile; fileRef = 0BF266CE0259AA89C3546FE1 /* ScaleCloudKit+ShareDownloadLimit.swift */; };
		5BD53E95372BCCB5D7FFFB13 /* ScaleCloudKit+FilesLock.swift in Sources */ = {isa = PBXBuildFile; fileRef = 6F5F62E8162EF017BA6B7A42 /* ScaleCloudKit+FilesLock.swift */; };
		64558142C6960056AE24E86F /* ScaleCloudKit+Assistant.swift in Sources */ = {isa = PBXBuildFile; fileRef = 4A62678860822FA1EE78F939 /* ScaleCloudKit+Assistant.swift */; };
		6B0396707994BAE9A71E2EB8 /* ScaleCloudKit+Logging.swift in Sources */ = {isa = PBXBuildFile; fileRef = 3A68475AEDD422F5691E839C /* ScaleCloudKit+Logging.swift */; };
		6C69718D3B66D57A9E968299 /* ScaleCloudKit+RecommendedFiles.swift in Sources */ = {isa = PBXBuildFile; fileRef = 87FBFD8CA7AFBC4DF66835D5 /* ScaleCloudKit+RecommendedFiles.swift */; };
		6C8093CE4E7AA422A6C48AFA /* SCKTypeIdentifiers.swift in Sources */ = {isa = PBXBuildFile; fileRef = 8C0181F7B4CE93EC9C6A4382 /* SCKTypeIdentifiers.swift */; };
		721B58AA02CAA287DB12464D /* FileAutoRenamer.swift in Sources */ = {isa = PBXBuildFile; fileRef = 1D00EA3C0749E6437A6D8011 /* FileAutoRenamer.swift */; };
		7255C4579318E34491A7EE48 /* SCKTextProcessingTask.swift in Sources */ = {isa = PBXBuildFile; fileRef = 9A5F61BC4D86863B32588088 /* SCKTextProcessingTask.swift */; };
		767E3B7EC56435860DCDFE5E /* SCKTrash.swift in Sources */ = {isa = PBXBuildFile; fileRef = C2CEC5811B1B567110396EBB /* SCKTrash.swift */; };
		7BCE0A675B5055C551637197 /* ScaleCloudKitBackground.swift in Sources */ = {isa = PBXBuildFile; fileRef = B30133520DE85DB77D1F81AB /* ScaleCloudKitBackground.swift */; };
		7C195D7F5B8236CF2F77B1AA /* SwiftyJSON in Frameworks */ = {isa = PBXBuildFile; productRef = 5DBF0047C01002EED2403D61 /* SwiftyJSON */; };
		7F2E831742A93BE724BF0936 /* SCKClientIntegrationUIResponse.swift in Sources */ = {isa = PBXBuildFile; fileRef = 3B3B7E74FFA5FC2115D7C3E8 /* SCKClientIntegrationUIResponse.swift */; };
		81D5DAD7EC40AEB374F4A1D6 /* ScaleCloudKitSessionDelegate.swift in Sources */ = {isa = PBXBuildFile; fileRef = 2F5EADADE8EDDBE1CD735573 /* ScaleCloudKitSessionDelegate.swift */; };
		838E075575344818E7F180EF /* SCKEditorDetailsConverter.swift in Sources */ = {isa = PBXBuildFile; fileRef = CD424D44617B5D54010155FB /* SCKEditorDetailsConverter.swift */; };
		87B1C66B2EA606F69725C7F3 /* SwiftyXMLParser in Frameworks */ = {isa = PBXBuildFile; productRef = FFEAF706B039BD255DB19BCA /* SwiftyXMLParser */; };
		87CF6332582E41EB8CC1009B /* SynchronizedSCKSessionArray.swift in Sources */ = {isa = PBXBuildFile; fileRef = D3B6CAC842816DDC967FB810 /* SynchronizedSCKSessionArray.swift */; };
		91036A3BDFC34B55580C89D9 /* ScaleCloudKit+Download.swift in Sources */ = {isa = PBXBuildFile; fileRef = A827B707D0F30A3143A93CCD /* ScaleCloudKit+Download.swift */; };
		91C79C0020E3D6FFCCC83A36 /* SCKLockType.swift in Sources */ = {isa = PBXBuildFile; fileRef = 82D4ABFB3E1C8235363DC3A4 /* SCKLockType.swift */; };
		94AB465181CA55B237CCBFF9 /* Image+Extension.swift in Sources */ = {isa = PBXBuildFile; fileRef = DC623D6DAFF6F56B0EED6589 /* Image+Extension.swift */; };
		9667982A6772608BFA96BBC7 /* SCKClientIntegration.swift in Sources */ = {isa = PBXBuildFile; fileRef = 64C8915FD694FB1CAFB4BD1A /* SCKClientIntegration.swift */; };
		98FB1333BD34448318A58AA4 /* SCKTermsOfService.swift in Sources */ = {isa = PBXBuildFile; fileRef = DD53A56AF5069697D3868EB7 /* SCKTermsOfService.swift */; };
		9B553112C136C236A4CB21A9 /* TaskTypes.swift in Sources */ = {isa = PBXBuildFile; fileRef = 0127DADE00E4EEB76BA8131B /* TaskTypes.swift */; };
		9C5E04C517A41853BC9B468A /* FileNameValidator.swift in Sources */ = {isa = PBXBuildFile; fileRef = 5DEAD9800EFF335532EC3583 /* FileNameValidator.swift */; };
		9C68D387089909D8E3E27756 /* SCKExternalSite.swift in Sources */ = {isa = PBXBuildFile; fileRef = 9B594F4AE2A95268C354D44A /* SCKExternalSite.swift */; };
		A672DDCDEC414D7D13587B94 /* SCKRichdocumentsTemplate.swift in Sources */ = {isa = PBXBuildFile; fileRef = 314821EA6BDDF01B490588B1 /* SCKRichdocumentsTemplate.swift */; };
		B38B6C9B6AA68040EE3C20F6 /* SCKEditorDetailsResponse.swift in Sources */ = {isa = PBXBuildFile; fileRef = A0028178FB85CDDFB5026223 /* SCKEditorDetailsResponse.swift */; };
		B595C11767F96620EDC56814 /* SCKLog.swift in Sources */ = {isa = PBXBuildFile; fileRef = 6F5A68EF7474B0102AC37323 /* SCKLog.swift */; };
		B946FC59CC6FE681C9A73992 /* SCKSharee.swift in Sources */ = {isa = PBXBuildFile; fileRef = 1DF512A68DFBB106E91E484D /* SCKSharee.swift */; };
		BA6A12B7D4AA1CBA38660743 /* ScaleCloudKit+Hovercard.swift in Sources */ = {isa = PBXBuildFile; fileRef = 4B3E30C7E3C1825CEF33AD4F /* ScaleCloudKit+Hovercard.swift */; };
		BAEF7B3FDD0808E351F2A1FB /* ScaleCloudKit+Upload.swift in Sources */ = {isa = PBXBuildFile; fileRef = 1BCDB09380F509BE5761A98B /* ScaleCloudKit+Upload.swift */; };
		BFBD510E09EB1340B0030087 /* SCKUserProfile.swift in Sources */ = {isa = PBXBuildFile; fileRef = 6008D5F49D3399F0766A5BE7 /* SCKUserProfile.swift */; };
		C1281C971C97B4A3511ADC9C /* SCKMonitor.swift in Sources */ = {isa = PBXBuildFile; fileRef = 15EBD6D4A860323EF44C169B /* SCKMonitor.swift */; };
		C15EE4D5514ABDE63E535FB4 /* String+Extension.swift in Sources */ = {isa = PBXBuildFile; fileRef = 35E5BE241BE8E700E691069B /* String+Extension.swift */; };
		C64A17A8E9CC4934B1873EE4 /* SCKOperationHandle.swift in Sources */ = {isa = PBXBuildFile; fileRef = B74A92924FA667E256E4C3A5 /* SCKOperationHandle.swift */; };
		C7B86B320D48663CAF76161D /* SCKRecommendedFiles.swift in Sources */ = {isa = PBXBuildFile; fileRef = A8FDCFA6A4154C2C38A72E8D /* SCKRecommendedFiles.swift */; };
		CB055158E2F3B75E3FFC5E0B /* Alamofire in Frameworks */ = {isa = PBXBuildFile; productRef = 1CDAC8F748981DD37F4CF5B4 /* Alamofire */; };
		CEEFE7BD3370A9115908EC2A /* Chat.swift in Sources */ = {isa = PBXBuildFile; fileRef = B8D680C387EF9B17CBADA349 /* Chat.swift */; };
		D1C64692934A940602C92C31 /* SCKLogFileManager.swift in Sources */ = {isa = PBXBuildFile; fileRef = 1B4F470EBA5689447F106FA1 /* SCKLogFileManager.swift */; };
		D5280055C36C5F8FC397EEE4 /* SCKProperties.swift in Sources */ = {isa = PBXBuildFile; fileRef = 0720B594F682165BEE169BE1 /* SCKProperties.swift */; };
		D8A1C824232B69B0791A1EB6 /* ScaleCloudKit+Comments.swift in Sources */ = {isa = PBXBuildFile; fileRef = C8F5BFA7DBDEB509720349D7 /* ScaleCloudKit+Comments.swift */; };
		DCFC5DCCA1F8C4B9BADFD05B /* SCKUserStatus.swift in Sources */ = {isa = PBXBuildFile; fileRef = ACCD9BFA6EDC05B9E537EEE1 /* SCKUserStatus.swift */; };
		DFC6F2CB48DBF65C0680BF34 /* ScaleCloudKit+ClientIntegration.swift in Sources */ = {isa = PBXBuildFile; fileRef = 639F7516306914B613F68938 /* ScaleCloudKit+ClientIntegration.swift */; };
		E1567B47AB5798C36CF07771 /* ScaleCloudKit+E2EE.swift in Sources */ = {isa = PBXBuildFile; fileRef = 694E950801B7A78DD121721C /* ScaleCloudKit+E2EE.swift */; };
		E2D3CB49C77F63B27FA1B05D /* ScaleCloudKit+WebDAV.swift in Sources */ = {isa = PBXBuildFile; fileRef = 3F85A14D86010972411EAD5C /* ScaleCloudKit+WebDAV.swift */; };
		E4FB1A902F3214DD8E6A14EC /* ScaleCloudKit+Groupfolders.swift in Sources */ = {isa = PBXBuildFile; fileRef = FCB0C2EF3485AA05721ECEEB /* ScaleCloudKit+Groupfolders.swift */; };
		E777982DD8512B8D67DE7827 /* SCKLock.swift in Sources */ = {isa = PBXBuildFile; fileRef = 75F9835155A648D3CA8C3935 /* SCKLock.swift */; };
		E9D288FCCA71936F10568594 /* SCKFile.swift in Sources */ = {isa = PBXBuildFile; fileRef = 708920AA6FAB26B0AC191476 /* SCKFile.swift */; };
		EC4B3C1E20373507502FA724 /* ScaleCloudKit+API.swift in Sources */ = {isa = PBXBuildFile; fileRef = 3DACA516C4C7B9BB222CC34B /* ScaleCloudKit+API.swift */; };
		EFA1807E77F65DF45A98B1E8 /* ScaleCloudKit.h in Headers */ = {isa = PBXBuildFile; fileRef = FE06E1C585ED2E361C3843BB /* ScaleCloudKit.h */; settings = {ATTRIBUTES = (Public, ); }; };
		F3128CAA67D6FA1700F01637 /* ScaleCloudKit+PushNotification.swift in Sources */ = {isa = PBXBuildFile; fileRef = 040C252419AD1E00B9F7982B /* ScaleCloudKit+PushNotification.swift */; };
		F83DB7D72D8449A2D0D9E56C /* SCKTextProcessingTaskType.swift in Sources */ = {isa = PBXBuildFile; fileRef = A78E87F69A01D0689FB05B01 /* SCKTextProcessingTaskType.swift */; };
		F867422C3274D3010B33A227 /* ScaleCloudKit+Search.swift in Sources */ = {isa = PBXBuildFile; fileRef = 2365D2AF8820DB382025B800 /* ScaleCloudKit+Search.swift */; };
		F88ECDBC3CE0820C2269D292 /* SCKActivity.swift in Sources */ = {isa = PBXBuildFile; fileRef = E7F9223D7A5726603F7D411D /* SCKActivity.swift */; };
		FC7BBD1E93A6B3D265E9F02B /* ScaleCloudKit+UserStatus.swift in Sources */ = {isa = PBXBuildFile; fileRef = C43FA182EE44A73C81018A9D /* ScaleCloudKit+UserStatus.swift */; };
		FE0F66D4562291A17D129C7E /* ScaleCloudKit+Tags.swift in Sources */ = {isa = PBXBuildFile; fileRef = B249942DC1E7914D8C7862D5 /* ScaleCloudKit+Tags.swift */; };
/* End PBXBuildFile section */

/* Begin PBXFileReference section */
		0127DADE00E4EEB76BA8131B /* TaskTypes.swift */ = {isa = PBXFileReference; lastKnownFileType = sourcecode.swift; path = TaskTypes.swift; sourceTree = "<group>"; };
		028AEFFCB96DF552FCE70290 /* Data+Extension.swift */ = {isa = PBXFileReference; lastKnownFileType = sourcecode.swift; path = "Data+Extension.swift"; sourceTree = "<group>"; };
		040C252419AD1E00B9F7982B /* ScaleCloudKit+PushNotification.swift */ = {isa = PBXFileReference; lastKnownFileType = sourcecode.swift; path = "ScaleCloudKit+PushNotification.swift"; sourceTree = "<group>"; };
		0720B594F682165BEE169BE1 /* SCKProperties.swift */ = {isa = PBXFileReference; lastKnownFileType = sourcecode.swift; path = SCKProperties.swift; sourceTree = "<group>"; };
		08FA0D0EC64C39C0A6AD70BD /* ScaleCloudKit+Dashboard.swift */ = {isa = PBXFileReference; lastKnownFileType = sourcecode.swift; path = "ScaleCloudKit+Dashboard.swift"; sourceTree = "<group>"; };
		0BF266CE0259AA89C3546FE1 /* ScaleCloudKit+ShareDownloadLimit.swift */ = {isa = PBXFileReference; lastKnownFileType = sourcecode.swift; path = "ScaleCloudKit+ShareDownloadLimit.swift"; sourceTree = "<group>"; };
		15EBD6D4A860323EF44C169B /* SCKMonitor.swift */ = {isa = PBXFileReference; lastKnownFileType = sourcecode.swift; path = SCKMonitor.swift; sourceTree = "<group>"; };
		16728E1B1507523E35E41BAF /* ScaleCloudGo.xcframework */ = {isa = PBXFileReference; lastKnownFileType = wrapper.xcframework; name = ScaleCloudGo.xcframework; path = ../ScaleCloudGo/prebuilt/ScaleCloudGo.xcframework; sourceTree = "<group>"; };
		1B4F470EBA5689447F106FA1 /* SCKLogFileManager.swift */ = {isa = PBXFileReference; lastKnownFileType = sourcecode.swift; path = SCKLogFileManager.swift; sourceTree = "<group>"; };
		1BCDB09380F509BE5761A98B /* ScaleCloudKit+Upload.swift */ = {isa = PBXFileReference; lastKnownFileType = sourcecode.swift; path = "ScaleCloudKit+Upload.swift"; sourceTree = "<group>"; };
		1BD5976D6AE0AC003B2DA100 /* SCKInterceptor.swift */ = {isa = PBXFileReference; lastKnownFileType = sourcecode.swift; path = SCKInterceptor.swift; sourceTree = "<group>"; };
		1D00EA3C0749E6437A6D8011 /* FileAutoRenamer.swift */ = {isa = PBXFileReference; lastKnownFileType = sourcecode.swift; path = FileAutoRenamer.swift; sourceTree = "<group>"; };
		1DF512A68DFBB106E91E484D /* SCKSharee.swift */ = {isa = PBXFileReference; lastKnownFileType = sourcecode.swift; path = SCKSharee.swift; sourceTree = "<group>"; };
		2365D2AF8820DB382025B800 /* ScaleCloudKit+Search.swift */ = {isa = PBXFileReference; lastKnownFileType = sourcecode.swift; path = "ScaleCloudKit+Search.swift"; sourceTree = "<group>"; };
		2F5EADADE8EDDBE1CD735573 /* ScaleCloudKitSessionDelegate.swift */ = {isa = PBXFileReference; lastKnownFileType = sourcecode.swift; path = ScaleCloudKitSessionDelegate.swift; sourceTree = "<group>"; };
		314821EA6BDDF01B490588B1 /* SCKRichdocumentsTemplate.swift */ = {isa = PBXFileReference; lastKnownFileType = sourcecode.swift; path = SCKRichdocumentsTemplate.swift; sourceTree = "<group>"; };
		31966D83D7F970E6F94834D1 /* Date+Extension.swift */ = {isa = PBXFileReference; lastKnownFileType = sourcecode.swift; path = "Date+Extension.swift"; sourceTree = "<group>"; };
		328A60A3A2D0AE2F9F21F93C /* SCKDownloadLimit.swift */ = {isa = PBXFileReference; lastKnownFileType = sourcecode.swift; path = SCKDownloadLimit.swift; sourceTree = "<group>"; };
		35E5BE241BE8E700E691069B /* String+Extension.swift */ = {isa = PBXFileReference; lastKnownFileType = sourcecode.swift; path = "String+Extension.swift"; sourceTree = "<group>"; };
		3A68475AEDD422F5691E839C /* ScaleCloudKit+Logging.swift */ = {isa = PBXFileReference; lastKnownFileType = sourcecode.swift; path = "ScaleCloudKit+Logging.swift"; sourceTree = "<group>"; };
		3B372C80ABB634C5327CE790 /* SCKError.swift */ = {isa = PBXFileReference; lastKnownFileType = sourcecode.swift; path = SCKError.swift; sourceTree = "<group>"; };
		3B3B7E74FFA5FC2115D7C3E8 /* SCKClientIntegrationUIResponse.swift */ = {isa = PBXFileReference; lastKnownFileType = sourcecode.swift; path = SCKClientIntegrationUIResponse.swift; sourceTree = "<group>"; };
		3DACA516C4C7B9BB222CC34B /* ScaleCloudKit+API.swift */ = {isa = PBXFileReference; lastKnownFileType = sourcecode.swift; path = "ScaleCloudKit+API.swift"; sourceTree = "<group>"; };
		3F85A14D86010972411EAD5C /* ScaleCloudKit+WebDAV.swift */ = {isa = PBXFileReference; lastKnownFileType = sourcecode.swift; path = "ScaleCloudKit+WebDAV.swift"; sourceTree = "<group>"; };
		4A62678860822FA1EE78F939 /* ScaleCloudKit+Assistant.swift */ = {isa = PBXFileReference; lastKnownFileType = sourcecode.swift; path = "ScaleCloudKit+Assistant.swift"; sourceTree = "<group>"; };
		4B3E30C7E3C1825CEF33AD4F /* ScaleCloudKit+Hovercard.swift */ = {isa = PBXFileReference; lastKnownFileType = sourcecode.swift; path = "ScaleCloudKit+Hovercard.swift"; sourceTree = "<group>"; };
		4E1C0B9C91A6D466ECC1ED11 /* SCKDataFileXML.swift */ = {isa = PBXFileReference; lastKnownFileType = sourcecode.swift; path = SCKDataFileXML.swift; sourceTree = "<group>"; };
		4FF13711C90058F696820481 /* ScaleCloudKit+AssistantV2.swift */ = {isa = PBXFileReference; lastKnownFileType = sourcecode.swift; path = "ScaleCloudKit+AssistantV2.swift"; sourceTree = "<group>"; };
		58A49DB0FA19783483630C47 /* ScaleCloudKit+Richdocuments.swift */ = {isa = PBXFileReference; lastKnownFileType = sourcecode.swift; path = "ScaleCloudKit+Richdocuments.swift"; sourceTree = "<group>"; };
		5DEAD9800EFF335532EC3583 /* FileNameValidator.swift */ = {isa = PBXFileReference; lastKnownFileType = sourcecode.swift; path = FileNameValidator.swift; sourceTree = "<group>"; };
		6008D5F49D3399F0766A5BE7 /* SCKUserProfile.swift */ = {isa = PBXFileReference; lastKnownFileType = sourcecode.swift; path = SCKUserProfile.swift; sourceTree = "<group>"; };
		639F7516306914B613F68938 /* ScaleCloudKit+ClientIntegration.swift */ = {isa = PBXFileReference; lastKnownFileType = sourcecode.swift; path = "ScaleCloudKit+ClientIntegration.swift"; sourceTree = "<group>"; };
		64C8915FD694FB1CAFB4BD1A /* SCKClientIntegration.swift */ = {isa = PBXFileReference; lastKnownFileType = sourcecode.swift; path = SCKClientIntegration.swift; sourceTree = "<group>"; };
		694E950801B7A78DD121721C /* ScaleCloudKit+E2EE.swift */ = {isa = PBXFileReference; lastKnownFileType = sourcecode.swift; path = "ScaleCloudKit+E2EE.swift"; sourceTree = "<group>"; };
		6CEC9F2262352F9A65842347 /* ScaleCloudKit+NCText.swift */ = {isa = PBXFileReference; lastKnownFileType = sourcecode.swift; path = "ScaleCloudKit+NCText.swift"; sourceTree = "<group>"; };
		6D0531C85BCCC79D5FD7CA1E /* ScaleCloudKit+TermsOfService.swift */ = {isa = PBXFileReference; lastKnownFileType = sourcecode.swift; path = "ScaleCloudKit+TermsOfService.swift"; sourceTree = "<group>"; };
		6EFE49A03ED2411C74B52046 /* SCKDav.swift */ = {isa = PBXFileReference; lastKnownFileType = sourcecode.swift; path = SCKDav.swift; sourceTree = "<group>"; };
		6F5A68EF7474B0102AC37323 /* SCKLog.swift */ = {isa = PBXFileReference; lastKnownFileType = sourcecode.swift; path = SCKLog.swift; sourceTree = "<group>"; };
		6F5F62E8162EF017BA6B7A42 /* ScaleCloudKit+FilesLock.swift */ = {isa = PBXFileReference; lastKnownFileType = sourcecode.swift; path = "ScaleCloudKit+FilesLock.swift"; sourceTree = "<group>"; };
		708920AA6FAB26B0AC191476 /* SCKFile.swift */ = {isa = PBXFileReference; lastKnownFileType = sourcecode.swift; path = SCKFile.swift; sourceTree = "<group>"; };
		75F9835155A648D3CA8C3935 /* SCKLock.swift */ = {isa = PBXFileReference; lastKnownFileType = sourcecode.swift; path = SCKLock.swift; sourceTree = "<group>"; };
		7EA6C542531930F75C739320 /* NSLock+Extension.swift */ = {isa = PBXFileReference; lastKnownFileType = sourcecode.swift; path = "NSLock+Extension.swift"; sourceTree = "<group>"; };
		81C4DF93B0C1B20CC3DB3C57 /* SCKEditorDetailsResponse+NKConversion.swift */ = {isa = PBXFileReference; lastKnownFileType = sourcecode.swift; path = "SCKEditorDetailsResponse+NKConversion.swift"; sourceTree = "<group>"; };
		82D4ABFB3E1C8235363DC3A4 /* SCKLockType.swift */ = {isa = PBXFileReference; lastKnownFileType = sourcecode.swift; path = SCKLockType.swift; sourceTree = "<group>"; };
		87FBFD8CA7AFBC4DF66835D5 /* ScaleCloudKit+RecommendedFiles.swift */ = {isa = PBXFileReference; lastKnownFileType = sourcecode.swift; path = "ScaleCloudKit+RecommendedFiles.swift"; sourceTree = "<group>"; };
		895762C854B1B77EE0069FB1 /* SCKRequestOptions.swift */ = {isa = PBXFileReference; lastKnownFileType = sourcecode.swift; path = SCKRequestOptions.swift; sourceTree = "<group>"; };
		8B4CA29A3151A797C8207DE0 /* ScaleCloudKit+Share.swift */ = {isa = PBXFileReference; lastKnownFileType = sourcecode.swift; path = "ScaleCloudKit+Share.swift"; sourceTree = "<group>"; };
		8C0181F7B4CE93EC9C6A4382 /* SCKTypeIdentifiers.swift */ = {isa = PBXFileReference; lastKnownFileType = sourcecode.swift; path = SCKTypeIdentifiers.swift; sourceTree = "<group>"; };
		8D36A899EACF29F9EF4C49F4 /* SCKTag.swift */ = {isa = PBXFileReference; lastKnownFileType = sourcecode.swift; path = SCKTag.swift; sourceTree = "<group>"; };
		9A5F61BC4D86863B32588088 /* SCKTextProcessingTask.swift */ = {isa = PBXFileReference; lastKnownFileType = sourcecode.swift; path = SCKTextProcessingTask.swift; sourceTree = "<group>"; };
		9B594F4AE2A95268C354D44A /* SCKExternalSite.swift */ = {isa = PBXFileReference; lastKnownFileType = sourcecode.swift; path = SCKExternalSite.swift; sourceTree = "<group>"; };
		A0028178FB85CDDFB5026223 /* SCKEditorDetailsResponse.swift */ = {isa = PBXFileReference; lastKnownFileType = sourcecode.swift; path = SCKEditorDetailsResponse.swift; sourceTree = "<group>"; };
		A75369B2645587291C23E393 /* ScaleCloudKit+Login.swift */ = {isa = PBXFileReference; lastKnownFileType = sourcecode.swift; path = "ScaleCloudKit+Login.swift"; sourceTree = "<group>"; };
		A78E87F69A01D0689FB05B01 /* SCKTextProcessingTaskType.swift */ = {isa = PBXFileReference; lastKnownFileType = sourcecode.swift; path = SCKTextProcessingTaskType.swift; sourceTree = "<group>"; };
		A827B707D0F30A3143A93CCD /* ScaleCloudKit+Download.swift */ = {isa = PBXFileReference; lastKnownFileType = sourcecode.swift; path = "ScaleCloudKit+Download.swift"; sourceTree = "<group>"; };
		A8FDCFA6A4154C2C38A72E8D /* SCKRecommendedFiles.swift */ = {isa = PBXFileReference; lastKnownFileType = sourcecode.swift; path = SCKRecommendedFiles.swift; sourceTree = "<group>"; };
		ACCD9BFA6EDC05B9E537EEE1 /* SCKUserStatus.swift */ = {isa = PBXFileReference; lastKnownFileType = sourcecode.swift; path = SCKUserStatus.swift; sourceTree = "<group>"; };
		B249942DC1E7914D8C7862D5 /* ScaleCloudKit+Tags.swift */ = {isa = PBXFileReference; lastKnownFileType = sourcecode.swift; path = "ScaleCloudKit+Tags.swift"; sourceTree = "<group>"; };
		B30133520DE85DB77D1F81AB /* ScaleCloudKitBackground.swift */ = {isa = PBXFileReference; lastKnownFileType = sourcecode.swift; path = ScaleCloudKitBackground.swift; sourceTree = "<group>"; };
		B74A92924FA667E256E4C3A5 /* SCKOperationHandle.swift */ = {isa = PBXFileReference; lastKnownFileType = sourcecode.swift; path = SCKOperationHandle.swift; sourceTree = "<group>"; };
		B8D680C387EF9B17CBADA349 /* Chat.swift */ = {isa = PBXFileReference; lastKnownFileType = sourcecode.swift; path = Chat.swift; sourceTree = "<group>"; };
		BC6AE5988C2CD4D1A1916858 /* SCKComments.swift */ = {isa = PBXFileReference; lastKnownFileType = sourcecode.swift; path = SCKComments.swift; sourceTree = "<group>"; };
		BEDEE0011ED43CC435ED398A /* SCKShareAccounts.swift */ = {isa = PBXFileReference; lastKnownFileType = sourcecode.swift; path = SCKShareAccounts.swift; sourceTree = "<group>"; };
		C2CEC5811B1B567110396EBB /* SCKTrash.swift */ = {isa = PBXFileReference; lastKnownFileType = sourcecode.swift; path = SCKTrash.swift; sourceTree = "<group>"; };
		C43FA182EE44A73C81018A9D /* ScaleCloudKit+UserStatus.swift */ = {isa = PBXFileReference; lastKnownFileType = sourcecode.swift; path = "ScaleCloudKit+UserStatus.swift"; sourceTree = "<group>"; };
		C686CBCFD27175031A945FCA /* ScaleCloudKit.swift */ = {isa = PBXFileReference; lastKnownFileType = sourcecode.swift; path = ScaleCloudKit.swift; sourceTree = "<group>"; };
		C8F5BFA7DBDEB509720349D7 /* ScaleCloudKit+Comments.swift */ = {isa = PBXFileReference; lastKnownFileType = sourcecode.swift; path = "ScaleCloudKit+Comments.swift"; sourceTree = "<group>"; };
		CD424D44617B5D54010155FB /* SCKEditorDetailsConverter.swift */ = {isa = PBXFileReference; lastKnownFileType = sourcecode.swift; path = SCKEditorDetailsConverter.swift; sourceTree = "<group>"; };
		D101E4293619E089B5622367 /* TaskList.swift */ = {isa = PBXFileReference; lastKnownFileType = sourcecode.swift; path = TaskList.swift; sourceTree = "<group>"; };
		D224A8DDDDAF67BFBD961587 /* ScaleCloudKit+Livephoto.swift */ = {isa = PBXFileReference; lastKnownFileType = sourcecode.swift; path = "ScaleCloudKit+Livephoto.swift"; sourceTree = "<group>"; };
		D3B6CAC842816DDC967FB810 /* SynchronizedSCKSessionArray.swift */ = {isa = PBXFileReference; lastKnownFileType = sourcecode.swift; path = SynchronizedSCKSessionArray.swift; sourceTree = "<group>"; };
		DB6642193FF22CC9E6915C42 /* SCKCommon.swift */ = {isa = PBXFileReference; lastKnownFileType = sourcecode.swift; path = SCKCommon.swift; sourceTree = "<group>"; };
		DC623D6DAFF6F56B0EED6589 /* Image+Extension.swift */ = {isa = PBXFileReference; lastKnownFileType = sourcecode.swift; path = "Image+Extension.swift"; sourceTree = "<group>"; };
		DD53A56AF5069697D3868EB7 /* SCKTermsOfService.swift */ = {isa = PBXFileReference; lastKnownFileType = sourcecode.swift; path = SCKTermsOfService.swift; sourceTree = "<group>"; };
		DEBF094BE7C69C1443AE2E49 /* SCKSession.swift */ = {isa = PBXFileReference; lastKnownFileType = sourcecode.swift; path = SCKSession.swift; sourceTree = "<group>"; };
		E6FCB03EECE1DB5B953D9AC7 /* SCKShare.swift */ = {isa = PBXFileReference; lastKnownFileType = sourcecode.swift; path = SCKShare.swift; sourceTree = "<group>"; };
		E7F9223D7A5726603F7D411D /* SCKActivity.swift */ = {isa = PBXFileReference; lastKnownFileType = sourcecode.swift; path = SCKActivity.swift; sourceTree = "<group>"; };
		E91F8FB8B8DBF7D0C5C0F3AF /* SCKFilePropertyResolver.swift */ = {isa = PBXFileReference; lastKnownFileType = sourcecode.swift; path = SCKFilePropertyResolver.swift; sourceTree = "<group>"; };
		F82E18A2428E3E9DA824FCC6 /* ScaleCloudKit.framework */ = {isa = PBXFileReference; explicitFileType = wrapper.framework; includeInIndex = 0; path = ScaleCloudKit.framework; sourceTree = BUILT_PRODUCTS_DIR; };
		FAAC16097B8DF405F70453FE /* ScaleCloudKit+Capabilities.swift */ = {isa = PBXFileReference; lastKnownFileType = sourcecode.swift; path = "ScaleCloudKit+Capabilities.swift"; sourceTree = "<group>"; };
		FCB0C2EF3485AA05721ECEEB /* ScaleCloudKit+Groupfolders.swift */ = {isa = PBXFileReference; lastKnownFileType = sourcecode.swift; path = "ScaleCloudKit+Groupfolders.swift"; sourceTree = "<group>"; };
		FE06E1C585ED2E361C3843BB /* ScaleCloudKit.h */ = {isa = PBXFileReference; lastKnownFileType = sourcecode.c.h; path = ScaleCloudKit.h; sourceTree = "<group>"; };
/* End PBXFileReference section */

/* Begin PBXFrameworksBuildPhase section */
		E4EA5F36CE3B270DDF07766F /* Frameworks */ = {
			isa = PBXFrameworksBuildPhase;
			buildActionMask = 2147483647;
			files = (
				47BDEA485B2F5F294AF7DF43 /* ScaleCloudGo.xcframework in Frameworks */,
				CB055158E2F3B75E3FFC5E0B /* Alamofire in Frameworks */,
				7C195D7F5B8236CF2F77B1AA /* SwiftyJSON in Frameworks */,
				87B1C66B2EA606F69725C7F3 /* SwiftyXMLParser in Frameworks */,
			);
			runOnlyForDeploymentPostprocessing = 0;
		};
/* End PBXFrameworksBuildPhase section */

/* Begin PBXGroup section */
		19F2F9CD88B1EB8205909381 /* Frameworks */ = {
			isa = PBXGroup;
			children = (
				16728E1B1507523E35E41BAF /* ScaleCloudGo.xcframework */,
			);
			name = Frameworks;
			sourceTree = "<group>";
		};
		247294E4D9E0803B58F9DBC5 /* Utils */ = {
			isa = PBXGroup;
			children = (
				1D00EA3C0749E6437A6D8011 /* FileAutoRenamer.swift */,
				5DEAD9800EFF335532EC3583 /* FileNameValidator.swift */,
				D3B6CAC842816DDC967FB810 /* SynchronizedSCKSessionArray.swift */,
			);
			path = Utils;
			sourceTree = "<group>";
		};
		25B4E1D2FD1E5E52227629F7 /* Models */ = {
			isa = PBXGroup;
			children = (
				E7F9223D7A5726603F7D411D /* SCKActivity.swift */,
				BC6AE5988C2CD4D1A1916858 /* SCKComments.swift */,
				4E1C0B9C91A6D466ECC1ED11 /* SCKDataFileXML.swift */,
				328A60A3A2D0AE2F9F21F93C /* SCKDownloadLimit.swift */,
				9B594F4AE2A95268C354D44A /* SCKExternalSite.swift */,
				708920AA6FAB26B0AC191476 /* SCKFile.swift */,
				75F9835155A648D3CA8C3935 /* SCKLock.swift */,
				0720B594F682165BEE169BE1 /* SCKProperties.swift */,
				A8FDCFA6A4154C2C38A72E8D /* SCKRecommendedFiles.swift */,
				314821EA6BDDF01B490588B1 /* SCKRichdocumentsTemplate.swift */,
				E6FCB03EECE1DB5B953D9AC7 /* SCKShare.swift */,
				BEDEE0011ED43CC435ED398A /* SCKShareAccounts.swift */,
				1DF512A68DFBB106E91E484D /* SCKSharee.swift */,
				8D36A899EACF29F9EF4C49F4 /* SCKTag.swift */,
				DD53A56AF5069697D3868EB7 /* SCKTermsOfService.swift */,
				C2CEC5811B1B567110396EBB /* SCKTrash.swift */,
				6008D5F49D3399F0766A5BE7 /* SCKUserProfile.swift */,
				ACCD9BFA6EDC05B9E537EEE1 /* SCKUserStatus.swift */,
				A99F1FCEC3A55A22B290CF2D /* Assistant */,
				6A471ACBC4198BEC831E1B7A /* DeclarativeUI */,
				7A86BE206384F0C2C9BAA992 /* EditorDetails */,
			);
			path = Models;
			sourceTree = "<group>";
		};
		6A471ACBC4198BEC831E1B7A /* DeclarativeUI */ = {
			isa = PBXGroup;
			children = (
				64C8915FD694FB1CAFB4BD1A /* SCKClientIntegration.swift */,
				3B3B7E74FFA5FC2115D7C3E8 /* SCKClientIntegrationUIResponse.swift */,
			);
			path = DeclarativeUI;
			sourceTree = "<group>";
		};
		6E285706F0C2A41A24F5929D /* Products */ = {
			isa = PBXGroup;
			children = (
				F82E18A2428E3E9DA824FCC6 /* ScaleCloudKit.framework */,
			);
			name = Products;
			sourceTree = "<group>";
		};
		6F8BD326FF28C678FAA8C5BA /* Log */ = {
			isa = PBXGroup;
			children = (
				6F5A68EF7474B0102AC37323 /* SCKLog.swift */,
				1B4F470EBA5689447F106FA1 /* SCKLogFileManager.swift */,
			);
			path = Log;
			sourceTree = "<group>";
		};
		782B1B7DE6AF7098A3B31333 = {
			isa = PBXGroup;
			children = (
				9F335ACF3C77F610141AE443 /* Sources */,
				19F2F9CD88B1EB8205909381 /* Frameworks */,
				6E285706F0C2A41A24F5929D /* Products */,
			);
			sourceTree = "<group>";
		};
		7A108B5A820784375AD1B66C /* v1 */ = {
			isa = PBXGroup;
			children = (
				9A5F61BC4D86863B32588088 /* SCKTextProcessingTask.swift */,
				A78E87F69A01D0689FB05B01 /* SCKTextProcessingTaskType.swift */,
			);
			path = v1;
			sourceTree = "<group>";
		};
		7A86BE206384F0C2C9BAA992 /* EditorDetails */ = {
			isa = PBXGroup;
			children = (
				CD424D44617B5D54010155FB /* SCKEditorDetailsConverter.swift */,
				A0028178FB85CDDFB5026223 /* SCKEditorDetailsResponse.swift */,
				81C4DF93B0C1B20CC3DB3C57 /* SCKEditorDetailsResponse+NKConversion.swift */,
			);
			path = EditorDetails;
			sourceTree = "<group>";
		};
		7F172704A38BE1F304443706 /* TypeIdentifiers */ = {
			isa = PBXGroup;
			children = (
				E91F8FB8B8DBF7D0C5C0F3AF /* SCKFilePropertyResolver.swift */,
				8C0181F7B4CE93EC9C6A4382 /* SCKTypeIdentifiers.swift */,
			);
			path = TypeIdentifiers;
			sourceTree = "<group>";
		};
		9F335ACF3C77F610141AE443 /* Sources */ = {
			isa = PBXGroup;
			children = (
				AFCF8E071120FF56DF3E6F8C /* ScaleCloudKit */,
			);
			path = Sources;
			sourceTree = "<group>";
		};
		A2947A49912A1CD56C7F6470 /* Extensions */ = {
			isa = PBXGroup;
			children = (
				028AEFFCB96DF552FCE70290 /* Data+Extension.swift */,
				31966D83D7F970E6F94834D1 /* Date+Extension.swift */,
				DC623D6DAFF6F56B0EED6589 /* Image+Extension.swift */,
				7EA6C542531930F75C739320 /* NSLock+Extension.swift */,
				35E5BE241BE8E700E691069B /* String+Extension.swift */,
			);
			path = Extensions;
			sourceTree = "<group>";
		};
		A99F1FCEC3A55A22B290CF2D /* Assistant */ = {
			isa = PBXGroup;
			children = (
				7A108B5A820784375AD1B66C /* v1 */,
				AC1E9555985E735F113A72B2 /* v2 */,
			);
			path = Assistant;
			sourceTree = "<group>";
		};
		AC1E9555985E735F113A72B2 /* v2 */ = {
			isa = PBXGroup;
			children = (
				B8D680C387EF9B17CBADA349 /* Chat.swift */,
				D101E4293619E089B5622367 /* TaskList.swift */,
				0127DADE00E4EEB76BA8131B /* TaskTypes.swift */,
			);
			path = v2;
			sourceTree = "<group>";
		};
		AFCF8E071120FF56DF3E6F8C /* ScaleCloudKit */ = {
			isa = PBXGroup;
			children = (
				FE06E1C585ED2E361C3843BB /* ScaleCloudKit.h */,
				C686CBCFD27175031A945FCA /* ScaleCloudKit.swift */,
				3DACA516C4C7B9BB222CC34B /* ScaleCloudKit+API.swift */,
				4A62678860822FA1EE78F939 /* ScaleCloudKit+Assistant.swift */,
				4FF13711C90058F696820481 /* ScaleCloudKit+AssistantV2.swift */,
				FAAC16097B8DF405F70453FE /* ScaleCloudKit+Capabilities.swift */,
				639F7516306914B613F68938 /* ScaleCloudKit+ClientIntegration.swift */,
				C8F5BFA7DBDEB509720349D7 /* ScaleCloudKit+Comments.swift */,
				08FA0D0EC64C39C0A6AD70BD /* ScaleCloudKit+Dashboard.swift */,
				A827B707D0F30A3143A93CCD /* ScaleCloudKit+Download.swift */,
				694E950801B7A78DD121721C /* ScaleCloudKit+E2EE.swift */,
				6F5F62E8162EF017BA6B7A42 /* ScaleCloudKit+FilesLock.swift */,
				FCB0C2EF3485AA05721ECEEB /* ScaleCloudKit+Groupfolders.swift */,
				4B3E30C7E3C1825CEF33AD4F /* ScaleCloudKit+Hovercard.swift */,
				D224A8DDDDAF67BFBD961587 /* ScaleCloudKit+Livephoto.swift */,
				3A68475AEDD422F5691E839C /* ScaleCloudKit+Logging.swift */,
				A75369B2645587291C23E393 /* ScaleCloudKit+Login.swift */,
				6CEC9F2262352F9A65842347 /* ScaleCloudKit+NCText.swift */,
				040C252419AD1E00B9F7982B /* ScaleCloudKit+PushNotification.swift */,
				87FBFD8CA7AFBC4DF66835D5 /* ScaleCloudKit+RecommendedFiles.swift */,
				58A49DB0FA19783483630C47 /* ScaleCloudKit+Richdocuments.swift */,
				2365D2AF8820DB382025B800 /* ScaleCloudKit+Search.swift */,
				8B4CA29A3151A797C8207DE0 /* ScaleCloudKit+Share.swift */,
				0BF266CE0259AA89C3546FE1 /* ScaleCloudKit+ShareDownloadLimit.swift */,
				B249942DC1E7914D8C7862D5 /* ScaleCloudKit+Tags.swift */,
				6D0531C85BCCC79D5FD7CA1E /* ScaleCloudKit+TermsOfService.swift */,
				1BCDB09380F509BE5761A98B /* ScaleCloudKit+Upload.swift */,
				C43FA182EE44A73C81018A9D /* ScaleCloudKit+UserStatus.swift */,
				3F85A14D86010972411EAD5C /* ScaleCloudKit+WebDAV.swift */,
				B30133520DE85DB77D1F81AB /* ScaleCloudKitBackground.swift */,
				2F5EADADE8EDDBE1CD735573 /* ScaleCloudKitSessionDelegate.swift */,
				DB6642193FF22CC9E6915C42 /* SCKCommon.swift */,
				6EFE49A03ED2411C74B52046 /* SCKDav.swift */,
				3B372C80ABB634C5327CE790 /* SCKError.swift */,
				1BD5976D6AE0AC003B2DA100 /* SCKInterceptor.swift */,
				82D4ABFB3E1C8235363DC3A4 /* SCKLockType.swift */,
				15EBD6D4A860323EF44C169B /* SCKMonitor.swift */,
				B74A92924FA667E256E4C3A5 /* SCKOperationHandle.swift */,
				895762C854B1B77EE0069FB1 /* SCKRequestOptions.swift */,
				DEBF094BE7C69C1443AE2E49 /* SCKSession.swift */,
				A2947A49912A1CD56C7F6470 /* Extensions */,
				6F8BD326FF28C678FAA8C5BA /* Log */,
				25B4E1D2FD1E5E52227629F7 /* Models */,
				7F172704A38BE1F304443706 /* TypeIdentifiers */,
				247294E4D9E0803B58F9DBC5 /* Utils */,
			);
			path = ScaleCloudKit;
			sourceTree = "<group>";
		};
/* End PBXGroup section */

/* Begin PBXHeadersBuildPhase section */
		7BA7DFBAC7C9F5C94A9CF0EA /* Headers */ = {
			isa = PBXHeadersBuildPhase;
			buildActionMask = 2147483647;
			files = (
				EFA1807E77F65DF45A98B1E8 /* ScaleCloudKit.h in Headers */,
			);
			runOnlyForDeploymentPostprocessing = 0;
		};
/* End PBXHeadersBuildPhase section */

/* Begin PBXNativeTarget section */
		2E4EE6BB1710E1B7A7A7C59B /* ScaleCloudKit */ = {
			isa = PBXNativeTarget;
			buildConfigurationList = 19C676F638447D7F191DFA6F /* Build configuration list for PBXNativeTarget "ScaleCloudKit" */;
			buildPhases = (
				7BA7DFBAC7C9F5C94A9CF0EA /* Headers */,
				6B2B0E90E7E6E3C9B5C0191D /* Sources */,
				E4EA5F36CE3B270DDF07766F /* Frameworks */,
			);
			buildRules = (
			);
			dependencies = (
			);
			name = ScaleCloudKit;
			packageProductDependencies = (
				1CDAC8F748981DD37F4CF5B4 /* Alamofire */,
				5DBF0047C01002EED2403D61 /* SwiftyJSON */,
				FFEAF706B039BD255DB19BCA /* SwiftyXMLParser */,
			);
			productName = ScaleCloudKit;
			productReference = F82E18A2428E3E9DA824FCC6 /* ScaleCloudKit.framework */;
			productType = "com.apple.product-type.framework";
		};
/* End PBXNativeTarget section */

/* Begin PBXProject section */
		F569B89332497AAD3E8FD6F7 /* Project object */ = {
			isa = PBXProject;
			attributes = {
				BuildIndependentTargetsInParallel = YES;
				LastUpgradeCheck = 1430;
				TargetAttributes = {
				};
			};
			buildConfigurationList = 47C60C9910C853A96C71AF52 /* Build configuration list for PBXProject "ScaleCloudKit" */;
			compatibilityVersion = "Xcode 14.0";
			developmentRegion = en;
			hasScannedForEncodings = 0;
			knownRegions = (
				Base,
				en,
			);
			mainGroup = 782B1B7DE6AF7098A3B31333;
			minimizedProjectReferenceProxies = 1;
			packageReferences = (
				D13527388D46A84E402829A6 /* XCRemoteSwiftPackageReference "Alamofire" */,
				7A1A5E36DC04879DC58DE6BA /* XCRemoteSwiftPackageReference "SwiftyJSON" */,
				313E6FD336E3337E02E5CE6F /* XCRemoteSwiftPackageReference "SwiftyXMLParser" */,
			);
			preferredProjectObjectVersion = 54;
			projectDirPath = "";
			projectRoot = "";
			targets = (
				2E4EE6BB1710E1B7A7A7C59B /* ScaleCloudKit */,
			);
		};
/* End PBXProject section */

/* Begin PBXSourcesBuildPhase section */
		6B2B0E90E7E6E3C9B5C0191D /* Sources */ = {
			isa = PBXSourcesBuildPhase;
			buildActionMask = 2147483647;
			files = (
				CEEFE7BD3370A9115908EC2A /* Chat.swift in Sources */,
				1E4A44DF7343891A2004E956 /* Data+Extension.swift in Sources */,
				2F3EB5417F94F58FBF5C258F /* Date+Extension.swift in Sources */,
				721B58AA02CAA287DB12464D /* FileAutoRenamer.swift in Sources */,
				9C5E04C517A41853BC9B468A /* FileNameValidator.swift in Sources */,
				94AB465181CA55B237CCBFF9 /* Image+Extension.swift in Sources */,
				321F0D8D853A72F769D1041C /* NSLock+Extension.swift in Sources */,
				F88ECDBC3CE0820C2269D292 /* SCKActivity.swift in Sources */,
				9667982A6772608BFA96BBC7 /* SCKClientIntegration.swift in Sources */,
				7F2E831742A93BE724BF0936 /* SCKClientIntegrationUIResponse.swift in Sources */,
				5759D3471C58A745B74AAF5E /* SCKComments.swift in Sources */,
				2DD38409B7514C4A07614E1E /* SCKCommon.swift in Sources */,
				1C5FBE5D80B6F6B4ACC7A262 /* SCKDataFileXML.swift in Sources */,
				2474C4411B1D43D148DED31D /* SCKDav.swift in Sources */,
				2E7B4D683EDA739902902981 /* SCKDownloadLimit.swift in Sources */,
				838E075575344818E7F180EF /* SCKEditorDetailsConverter.swift in Sources */,
				435BB46377EDDAF43F98558C /* SCKEditorDetailsResponse+NKConversion.swift in Sources */,
				B38B6C9B6AA68040EE3C20F6 /* SCKEditorDetailsResponse.swift in Sources */,
				4E02581A6046603A489FB828 /* SCKError.swift in Sources */,
				9C68D387089909D8E3E27756 /* SCKExternalSite.swift in Sources */,
				E9D288FCCA71936F10568594 /* SCKFile.swift in Sources */,
				0786375F3DE9581E4B610CB6 /* SCKFilePropertyResolver.swift in Sources */,
				3E83C65028DC03856C2AFB21 /* SCKInterceptor.swift in Sources */,
				E777982DD8512B8D67DE7827 /* SCKLock.swift in Sources */,
				91C79C0020E3D6FFCCC83A36 /* SCKLockType.swift in Sources */,
				B595C11767F96620EDC56814 /* SCKLog.swift in Sources */,
				D1C64692934A940602C92C31 /* SCKLogFileManager.swift in Sources */,
				C1281C971C97B4A3511ADC9C /* SCKMonitor.swift in Sources */,
				C64A17A8E9CC4934B1873EE4 /* SCKOperationHandle.swift in Sources */,
				D5280055C36C5F8FC397EEE4 /* SCKProperties.swift in Sources */,
				C7B86B320D48663CAF76161D /* SCKRecommendedFiles.swift in Sources */,
				2648AF111219F283780C67D0 /* SCKRequestOptions.swift in Sources */,
				A672DDCDEC414D7D13587B94 /* SCKRichdocumentsTemplate.swift in Sources */,
				18034A042BE8B2A2F8CCB4DD /* SCKSession.swift in Sources */,
				335BB49C1B1EDF4DF189628C /* SCKShare.swift in Sources */,
				2C65E7FBE052F017660380BB /* SCKShareAccounts.swift in Sources */,
				B946FC59CC6FE681C9A73992 /* SCKSharee.swift in Sources */,
				1E4ECC5FC569569864D5E336 /* SCKTag.swift in Sources */,
				98FB1333BD34448318A58AA4 /* SCKTermsOfService.swift in Sources */,
				7255C4579318E34491A7EE48 /* SCKTextProcessingTask.swift in Sources */,
				F83DB7D72D8449A2D0D9E56C /* SCKTextProcessingTaskType.swift in Sources */,
				767E3B7EC56435860DCDFE5E /* SCKTrash.swift in Sources */,
				6C8093CE4E7AA422A6C48AFA /* SCKTypeIdentifiers.swift in Sources */,
				BFBD510E09EB1340B0030087 /* SCKUserProfile.swift in Sources */,
				DCFC5DCCA1F8C4B9BADFD05B /* SCKUserStatus.swift in Sources */,
				EC4B3C1E20373507502FA724 /* ScaleCloudKit+API.swift in Sources */,
				64558142C6960056AE24E86F /* ScaleCloudKit+Assistant.swift in Sources */,
				40AD20FFEE2A1DD92E92F42F /* ScaleCloudKit+AssistantV2.swift in Sources */,
				4CCCF28F82C678686050BDB1 /* ScaleCloudKit+Capabilities.swift in Sources */,
				DFC6F2CB48DBF65C0680BF34 /* ScaleCloudKit+ClientIntegration.swift in Sources */,
				D8A1C824232B69B0791A1EB6 /* ScaleCloudKit+Comments.swift in Sources */,
				2C9931A97588283D1D6ABB79 /* ScaleCloudKit+Dashboard.swift in Sources */,
				91036A3BDFC34B55580C89D9 /* ScaleCloudKit+Download.swift in Sources */,
				E1567B47AB5798C36CF07771 /* ScaleCloudKit+E2EE.swift in Sources */,
				5BD53E95372BCCB5D7FFFB13 /* ScaleCloudKit+FilesLock.swift in Sources */,
				E4FB1A902F3214DD8E6A14EC /* ScaleCloudKit+Groupfolders.swift in Sources */,
				BA6A12B7D4AA1CBA38660743 /* ScaleCloudKit+Hovercard.swift in Sources */,
				06535C7E07C1E5E809B43B84 /* ScaleCloudKit+Livephoto.swift in Sources */,
				6B0396707994BAE9A71E2EB8 /* ScaleCloudKit+Logging.swift in Sources */,
				220A877C505E69DA08C2369F /* ScaleCloudKit+Login.swift in Sources */,
				20FBEFBF30E52B7D67B5852D /* ScaleCloudKit+NCText.swift in Sources */,
				F3128CAA67D6FA1700F01637 /* ScaleCloudKit+PushNotification.swift in Sources */,
				6C69718D3B66D57A9E968299 /* ScaleCloudKit+RecommendedFiles.swift in Sources */,
				2B30BB0967C146A67B00748D /* ScaleCloudKit+Richdocuments.swift in Sources */,
				F867422C3274D3010B33A227 /* ScaleCloudKit+Search.swift in Sources */,
				11C6A20C1FAE81F826E5D954 /* ScaleCloudKit+Share.swift in Sources */,
				5AADC02EF3E7285F1C766CD1 /* ScaleCloudKit+ShareDownloadLimit.swift in Sources */,
				FE0F66D4562291A17D129C7E /* ScaleCloudKit+Tags.swift in Sources */,
				1587C5392A49A9605D51DDB2 /* ScaleCloudKit+TermsOfService.swift in Sources */,
				BAEF7B3FDD0808E351F2A1FB /* ScaleCloudKit+Upload.swift in Sources */,
				FC7BBD1E93A6B3D265E9F02B /* ScaleCloudKit+UserStatus.swift in Sources */,
				E2D3CB49C77F63B27FA1B05D /* ScaleCloudKit+WebDAV.swift in Sources */,
				15CE0419914D8C3BEC384B8A /* ScaleCloudKit.swift in Sources */,
				7BCE0A675B5055C551637197 /* ScaleCloudKitBackground.swift in Sources */,
				81D5DAD7EC40AEB374F4A1D6 /* ScaleCloudKitSessionDelegate.swift in Sources */,
				C15EE4D5514ABDE63E535FB4 /* String+Extension.swift in Sources */,
				87CF6332582E41EB8CC1009B /* SynchronizedSCKSessionArray.swift in Sources */,
				39AEFE5C9DD9A8636182A6E8 /* TaskList.swift in Sources */,
				9B553112C136C236A4CB21A9 /* TaskTypes.swift in Sources */,
			);
			runOnlyForDeploymentPostprocessing = 0;
		};
/* End PBXSourcesBuildPhase section */

/* Begin XCBuildConfiguration section */
		5BE9490EB7A818F03F1DD1BD /* Debug */ = {
			isa = XCBuildConfiguration;
			buildSettings = {
				DEFINES_MODULE = YES;
				FRAMEWORK_SEARCH_PATHS = (
					"$(inherited)",
					"\"../ScaleCloudGo/prebuilt\"",
				);
				IPHONEOS_DEPLOYMENT_TARGET = 14.0;
				PRODUCT_MODULE_NAME = ScaleCloudKit;
				PRODUCT_NAME = ScaleCloudKit;
				SWIFT_VERSION = 5.0;
			};
			name = Debug;
		};
		BDB644522E56B33F9A592DBC /* Release */ = {
			isa = XCBuildConfiguration;
			buildSettings = {
				DEFINES_MODULE = YES;
				IPHONEOS_DEPLOYMENT_TARGET = 14.0;
				PRODUCT_MODULE_NAME = ScaleCloudKit;
				PRODUCT_NAME = ScaleCloudKit;
				SDKROOT = iphoneos;
				SWIFT_VERSION = 5.0;
			};
			name = Release;
		};
		D904D0540D1DEDD90E7EFD64 /* Debug */ = {
			isa = XCBuildConfiguration;
			buildSettings = {
				DEFINES_MODULE = YES;
				IPHONEOS_DEPLOYMENT_TARGET = 14.0;
				PRODUCT_MODULE_NAME = ScaleCloudKit;
				PRODUCT_NAME = ScaleCloudKit;
				SDKROOT = iphoneos;
				SWIFT_VERSION = 5.0;
			};
			name = Debug;
		};
		DA8FF07C50E6D62C21594868 /* Release */ = {
			isa = XCBuildConfiguration;
			buildSettings = {
				DEFINES_MODULE = YES;
				FRAMEWORK_SEARCH_PATHS = (
					"$(inherited)",
					"\"../ScaleCloudGo/prebuilt\"",
				);
				IPHONEOS_DEPLOYMENT_TARGET = 14.0;
				PRODUCT_MODULE_NAME = ScaleCloudKit;
				PRODUCT_NAME = ScaleCloudKit;
				SWIFT_VERSION = 5.0;
			};
			name = Release;
		};
/* End XCBuildConfiguration section */

/* Begin XCConfigurationList section */
		19C676F638447D7F191DFA6F /* Build configuration list for PBXNativeTarget "ScaleCloudKit" */ = {
			isa = XCConfigurationList;
			buildConfigurations = (
				5BE9490EB7A818F03F1DD1BD /* Debug */,
				DA8FF07C50E6D62C21594868 /* Release */,
			);
			defaultConfigurationIsVisible = 0;
			defaultConfigurationName = Debug;
		};
		47C60C9910C853A96C71AF52 /* Build configuration list for PBXProject "ScaleCloudKit" */ = {
			isa = XCConfigurationList;
			buildConfigurations = (
				D904D0540D1DEDD90E7EFD64 /* Debug */,
				BDB644522E56B33F9A592DBC /* Release */,
			);
			defaultConfigurationIsVisible = 0;
			defaultConfigurationName = Debug;
		};
/* End XCConfigurationList section */

/* Begin XCRemoteSwiftPackageReference section */
		313E6FD336E3337E02E5CE6F /* XCRemoteSwiftPackageReference "SwiftyXMLParser" */ = {
			isa = XCRemoteSwiftPackageReference;
			repositoryURL = "https://github.com/yahoojapan/SwiftyXMLParser.git";
			requirement = {
				kind = upToNextMajorVersion;
				minimumVersion = 5.6.0;
			};
		};
		7A1A5E36DC04879DC58DE6BA /* XCRemoteSwiftPackageReference "SwiftyJSON" */ = {
			isa = XCRemoteSwiftPackageReference;
			repositoryURL = "https://github.com/SwiftyJSON/SwiftyJSON.git";
			requirement = {
				kind = upToNextMajorVersion;
				minimumVersion = 5.0.2;
			};
		};
		D13527388D46A84E402829A6 /* XCRemoteSwiftPackageReference "Alamofire" */ = {
			isa = XCRemoteSwiftPackageReference;
			repositoryURL = "https://github.com/Alamofire/Alamofire.git";
			requirement = {
				kind = upToNextMajorVersion;
				minimumVersion = 5.10.2;
			};
		};
/* End XCRemoteSwiftPackageReference section */

/* Begin XCSwiftPackageProductDependency section */
		1CDAC8F748981DD37F4CF5B4 /* Alamofire */ = {
			isa = XCSwiftPackageProductDependency;
			package = D13527388D46A84E402829A6 /* XCRemoteSwiftPackageReference "Alamofire" */;
			productName = Alamofire;
		};
		5DBF0047C01002EED2403D61 /* SwiftyJSON */ = {
			isa = XCSwiftPackageProductDependency;
			package = 7A1A5E36DC04879DC58DE6BA /* XCRemoteSwiftPackageReference "SwiftyJSON" */;
			productName = SwiftyJSON;
		};
		FFEAF706B039BD255DB19BCA /* SwiftyXMLParser */ = {
			isa = XCSwiftPackageProductDependency;
			package = 313E6FD336E3337E02E5CE6F /* XCRemoteSwiftPackageReference "SwiftyXMLParser" */;
			productName = SwiftyXMLParser;
		};
/* End XCSwiftPackageProductDependency section */
	};
	rootObject = F569B89332497AAD3E8FD6F7 /* Project object */;
}
